
Microsoft Visual Studio Solution File, Format Version 12.00
# Visual Studio Version 16
VisualStudioVersion = 16.0.33214.272
MinimumVisualStudioVersion = 10.0.40219.1
Project("{FAE04EC0-301F-11D3-BF4B-00C04F79EFBC}") = "WebAppDotNetWebFormsTest", "WebAppDotNetWebFormsTest\WebAppDotNetWebFormsTest.csproj", "{A44DFF57-7295-433D-B35B-68002F49EE7B}"
EndProject
Global
	GlobalSection(SolutionConfigurationPlatforms) = preSolution
		Debug|Any CPU = Debug|Any CPU
		Release|Any CPU = Release|Any CPU
	EndGlobalSection
	GlobalSection(ProjectConfigurationPlatforms) = postSolution
		{A44DFF57-7295-433D-B35B-68002F49EE7B}.Debug|Any CPU.ActiveCfg = Debug|Any CPU
		{A44DFF57-7295-433D-B35B-68002F49EE7B}.Debug|Any CPU.Build.0 = Debug|Any CPU
		{A44DFF57-7295-433D-B35B-68002F49EE7B}.Release|Any CPU.ActiveCfg = Release|Any CPU
		{A44DFF57-7295-433D-B35B-68002F49EE7B}.Release|Any CPU.Build.0 = Release|Any CPU
	EndGlobalSection
	GlobalSection(SolutionProperties) = preSolution
		HideSolutionNode = FALSE
	EndGlobalSection
	GlobalSection(ExtensibilityGlobals) = postSolution
		SolutionGuid = {AE4E57B7-D3F4-410D-A3E3-A54DE08B7154}
	EndGlobalSection
EndGlobal
